
Microsoft Visual Studio Solution File, Format Version 12.00
# Visual Studio Version 17
VisualStudioVersion = 17.14.36408.4 d17.14
MinimumVisualStudioVersion = 10.0.40219.1
Project("{FAE04EC0-301F-11D3-BF4B-00C04F79EFBC}") = "10433939_CLDV6212_POE_P1", "10433939_CLDV6212_POE_P1\10433939_CLDV6212_POE_P1.csproj", "{C4165479-F701-4955-8CFB-E93336ADDCB8}"
EndProject
Global
	GlobalSection(SolutionConfigurationPlatforms) = preSolution
		Debug|Any CPU = Debug|Any CPU
		Release|Any CPU = Release|Any CPU
	EndGlobalSection
	GlobalSection(ProjectConfigurationPlatforms) = postSolution
		{C4165479-F701-4955-8CFB-E93336ADDCB8}.Debug|Any CPU.ActiveCfg = Debug|Any CPU
		{C4165479-F701-4955-8CFB-E93336ADDCB8}.Debug|Any CPU.Build.0 = Debug|Any CPU
		{C4165479-F701-4955-8CFB-E93336ADDCB8}.Release|Any CPU.ActiveCfg = Release|Any CPU
		{C4165479-F701-4955-8CFB-E93336ADDCB8}.Release|Any CPU.Build.0 = Release|Any CPU
	EndGlobalSection
	GlobalSection(SolutionProperties) = preSolution
		HideSolutionNode = FALSE
	EndGlobalSection
	GlobalSection(ExtensibilityGlobals) = postSolution
		SolutionGuid = {CFF64835-4DB2-4CEF-BA9B-2CB3511CAF10}
	EndGlobalSection
EndGlobal
